
Microsoft Visual Studio Solution File, Format Version 12.00
Project("{FAE04EC0-301F-11D3-BF4B-00C04F79EFBC}") = "Calculator", "Calculator\Calculator.csproj", "{FA9F96B2-2612-4AD9-85CA-C049E5758A43}"
EndProject
Global
	GlobalSection(SolutionConfigurationPlatforms) = preSolution
		Debug|Any CPU = Debug|Any CPU
		Release|Any CPU = Release|Any CPU
	EndGlobalSection
	GlobalSection(ProjectConfigurationPlatforms) = postSolution
		{FA9F96B2-2612-4AD9-85CA-C049E5758A43}.Debug|Any CPU.ActiveCfg = Debug|Any CPU
		{FA9F96B2-2612-4AD9-85CA-C049E5758A43}.Debug|Any CPU.Build.0 = Debug|Any CPU
		{FA9F96B2-2612-4AD9-85CA-C049E5758A43}.Release|Any CPU.ActiveCfg = Release|Any CPU
		{FA9F96B2-2612-4AD9-85CA-C049E5758A43}.Release|Any CPU.Build.0 = Release|Any CPU
	EndGlobalSection
EndGlobal
